
Microsoft Visual Studio Solution File, Format Version 12.00
# Visual Studio Version 16
VisualStudioVersion = 16.0.30711.63
MinimumVisualStudioVersion = 10.0.40219.1
Project("{FAE04EC0-301F-11D3-BF4B-00C04F79EFBC}") = "m226b.Autoverleih.Programm", "m226b.Autoverleih.Programm\m226b.Autoverleih.Programm.csproj", "{F41FE7AB-AF20-477B-B07B-9303FAF6A7DA}"
EndProject
Project("{FAE04EC0-301F-11D3-BF4B-00C04F79EFBC}") = "m226b.Autoverleih.Test", "m226b.Autoverleih.Test\m226b.Autoverleih.Test.csproj", "{0DDDB72F-2E2D-46B9-BC28-0065D3F7C727}"
EndProject
Global
	GlobalSection(SolutionConfigurationPlatforms) = preSolution
		Debug|Any CPU = Debug|Any CPU
		Release|Any CPU = Release|Any CPU
	EndGlobalSection
	GlobalSection(ProjectConfigurationPlatforms) = postSolution
		{F41FE7AB-AF20-477B-B07B-9303FAF6A7DA}.Debug|Any CPU.ActiveCfg = Debug|Any CPU
		{F41FE7AB-AF20-477B-B07B-9303FAF6A7DA}.Debug|Any CPU.Build.0 = Debug|Any CPU
		{F41FE7AB-AF20-477B-B07B-9303FAF6A7DA}.Release|Any CPU.ActiveCfg = Release|Any CPU
		{F41FE7AB-AF20-477B-B07B-9303FAF6A7DA}.Release|Any CPU.Build.0 = Release|Any CPU
		{0DDDB72F-2E2D-46B9-BC28-0065D3F7C727}.Debug|Any CPU.ActiveCfg = Debug|Any CPU
		{0DDDB72F-2E2D-46B9-BC28-0065D3F7C727}.Debug|Any CPU.Build.0 = Debug|Any CPU
		{0DDDB72F-2E2D-46B9-BC28-0065D3F7C727}.Release|Any CPU.ActiveCfg = Release|Any CPU
		{0DDDB72F-2E2D-46B9-BC28-0065D3F7C727}.Release|Any CPU.Build.0 = Release|Any CPU
	EndGlobalSection
	GlobalSection(SolutionProperties) = preSolution
		HideSolutionNode = FALSE
	EndGlobalSection
	GlobalSection(ExtensibilityGlobals) = postSolution
		SolutionGuid = {AB5A3DC5-88C0-48F9-85B6-ADD063B14CD1}
	EndGlobalSection
EndGlobal
